
Microsoft Visual Studio Solution File, Format Version 12.00
# Visual Studio Version 17
VisualStudioVersion = 17.2.32630.192
MinimumVisualStudioVersion = 10.0.40219.1
Project("{FAE04EC0-301F-11D3-BF4B-00C04F79EFBC}") = "MatchGame", "MatchGame\MatchGame.csproj", "{AB24B6D0-4D40-41A3-9514-895AD7EF7267}"
EndProject
Project("{9A19103F-16F7-4668-BE54-9A1E7A4F7556}") = "ConsoleAppGrammer", "ConsoleAppGrammer\ConsoleAppGrammer\ConsoleAppGrammer.csproj", "{D57EFE30-D722-485F-93B4-5E671E888A27}"
EndProject
Project("{9A19103F-16F7-4668-BE54-9A1E7A4F7556}") = "Controls", "Controls\Controls.csproj", "{AB745CB1-4C96-4A41-841C-C2A72C690738}"
EndProject
Project("{9A19103F-16F7-4668-BE54-9A1E7A4F7556}") = "PickRandomCards", "PickRandomCards\PickRandomCards.csproj", "{EEF0A228-FB44-4BFE-8B15-BF948686C951}"
EndProject
Project("{9A19103F-16F7-4668-BE54-9A1E7A4F7556}") = "PickACardUI", "PickACardUI\PickACardUI.csproj", "{6224489E-0E19-4074-A4D6-EF486574DE87}"
EndProject
Project("{9A19103F-16F7-4668-BE54-9A1E7A4F7556}") = "AbilityScoreTester", "AbilityScoreTester\AbilityScoreTester.csproj", "{7D48ABC5-5974-422D-910C-C338051E59ED}"
EndProject
Project("{9A19103F-16F7-4668-BE54-9A1E7A4F7556}") = "ObjectReferences", "ObjectReferences\ObjectReferences.csproj", "{2FFCD39E-2016-4ADE-B091-114F470644F6}"
EndProject
Project("{9A19103F-16F7-4668-BE54-9A1E7A4F7556}") = "BudgetHouse", "BudgetHouse\BudgetHouse.csproj", "{063AF883-192F-4C37-9044-2793BC716E55}"
EndProject
Project("{FAE04EC0-301F-11D3-BF4B-00C04F79EFBC}") = "SwordDamageConsole", "SwordDamageConsole\SwordDamageConsole.csproj", "{28ED47CA-EC07-4ECF-8450-6C92B98DD9D1}"
EndProject
Project("{FAE04EC0-301F-11D3-BF4B-00C04F79EFBC}") = "SwordDamageWPF", "SwordDamageWPF\SwordDamageWPF.csproj", "{259D80AA-90DE-4C87-9D43-95BCF6220AAB}"
EndProject
Project("{FAE04EC0-301F-11D3-BF4B-00C04F79EFBC}") = "HiLo", "HiLo\HiLo.csproj", "{F7F91719-0BCA-4B42-8252-C395628171D7}"
EndProject
Project("{FAE04EC0-301F-11D3-BF4B-00C04F79EFBC}") = "PaintballGame", "PaintballGame\PaintballGame.csproj", "{BF38C65A-3993-482C-9649-4D4BA9D5E88E}"
EndProject
Global
	GlobalSection(SolutionConfigurationPlatforms) = preSolution
		Debug|Any CPU = Debug|Any CPU
		Release|Any CPU = Release|Any CPU
	EndGlobalSection
	GlobalSection(ProjectConfigurationPlatforms) = postSolution
		{AB24B6D0-4D40-41A3-9514-895AD7EF7267}.Debug|Any CPU.ActiveCfg = Debug|Any CPU
		{AB24B6D0-4D40-41A3-9514-895AD7EF7267}.Debug|Any CPU.Build.0 = Debug|Any CPU
		{AB24B6D0-4D40-41A3-9514-895AD7EF7267}.Release|Any CPU.ActiveCfg = Release|Any CPU
		{AB24B6D0-4D40-41A3-9514-895AD7EF7267}.Release|Any CPU.Build.0 = Release|Any CPU
		{D57EFE30-D722-485F-93B4-5E671E888A27}.Debug|Any CPU.ActiveCfg = Debug|Any CPU
		{D57EFE30-D722-485F-93B4-5E671E888A27}.Debug|Any CPU.Build.0 = Debug|Any CPU
		{D57EFE30-D722-485F-93B4-5E671E888A27}.Release|Any CPU.ActiveCfg = Release|Any CPU
		{D57EFE30-D722-485F-93B4-5E671E888A27}.Release|Any CPU.Build.0 = Release|Any CPU
		{AB745CB1-4C96-4A41-841C-C2A72C690738}.Debug|Any CPU.ActiveCfg = Debug|Any CPU
		{AB745CB1-4C96-4A41-841C-C2A72C690738}.Debug|Any CPU.Build.0 = Debug|Any CPU
		{AB745CB1-4C96-4A41-841C-C2A72C690738}.Release|Any CPU.ActiveCfg = Release|Any CPU
		{AB745CB1-4C96-4A41-841C-C2A72C690738}.Release|Any CPU.Build.0 = Release|Any CPU
		{EEF0A228-FB44-4BFE-8B15-BF948686C951}.Debug|Any CPU.ActiveCfg = Debug|Any CPU
		{EEF0A228-FB44-4BFE-8B15-BF948686C951}.Debug|Any CPU.Build.0 = Debug|Any CPU
		{EEF0A228-FB44-4BFE-8B15-BF948686C951}.Release|Any CPU.ActiveCfg = Release|Any CPU
		{EEF0A228-FB44-4BFE-8B15-BF948686C951}.Release|Any CPU.Build.0 = Release|Any CPU
		{6224489E-0E19-4074-A4D6-EF486574DE87}.Debug|Any CPU.ActiveCfg = Debug|Any CPU
		{6224489E-0E19-4074-A4D6-EF486574DE87}.Debug|Any CPU.Build.0 = Debug|Any CPU
		{6224489E-0E19-4074-A4D6-EF486574DE87}.Release|Any CPU.ActiveCfg = Release|Any CPU
		{6224489E-0E19-4074-A4D6-EF486574DE87}.Release|Any CPU.Build.0 = Release|Any CPU
		{7D48ABC5-5974-422D-910C-C338051E59ED}.Debug|Any CPU.ActiveCfg = Debug|Any CPU
		{7D48ABC5-5974-422D-910C-C338051E59ED}.Debug|Any CPU.Build.0 = Debug|Any CPU
		{7D48ABC5-5974-422D-910C-C338051E59ED}.Release|Any CPU.ActiveCfg = Release|Any CPU
		{7D48ABC5-5974-422D-910C-C338051E59ED}.Release|Any CPU.Build.0 = Release|Any CPU
		{2FFCD39E-2016-4ADE-B091-114F470644F6}.Debug|Any CPU.ActiveCfg = Debug|Any CPU
		{2FFCD39E-2016-4ADE-B091-114F470644F6}.Debug|Any CPU.Build.0 = Debug|Any CPU
		{2FFCD39E-2016-4ADE-B091-114F470644F6}.Release|Any CPU.ActiveCfg = Release|Any CPU
		{2FFCD39E-2016-4ADE-B091-114F470644F6}.Release|Any CPU.Build.0 = Release|Any CPU
		{063AF883-192F-4C37-9044-2793BC716E55}.Debug|Any CPU.ActiveCfg = Debug|Any CPU
		{063AF883-192F-4C37-9044-2793BC716E55}.Debug|Any CPU.Build.0 = Debug|Any CPU
		{063AF883-192F-4C37-9044-2793BC716E55}.Release|Any CPU.ActiveCfg = Release|Any CPU
		{063AF883-192F-4C37-9044-2793BC716E55}.Release|Any CPU.Build.0 = Release|Any CPU
		{28ED47CA-EC07-4ECF-8450-6C92B98DD9D1}.Debug|Any CPU.ActiveCfg = Debug|Any CPU
		{28ED47CA-EC07-4ECF-8450-6C92B98DD9D1}.Debug|Any CPU.Build.0 = Debug|Any CPU
		{28ED47CA-EC07-4ECF-8450-6C92B98DD9D1}.Release|Any CPU.ActiveCfg = Release|Any CPU
		{28ED47CA-EC07-4ECF-8450-6C92B98DD9D1}.Release|Any CPU.Build.0 = Release|Any CPU
		{259D80AA-90DE-4C87-9D43-95BCF6220AAB}.Debug|Any CPU.ActiveCfg = Debug|Any CPU
		{259D80AA-90DE-4C87-9D43-95BCF6220AAB}.Debug|Any CPU.Build.0 = Debug|Any CPU
		{259D80AA-90DE-4C87-9D43-95BCF6220AAB}.Release|Any CPU.ActiveCfg = Release|Any CPU
		{259D80AA-90DE-4C87-9D43-95BCF6220AAB}.Release|Any CPU.Build.0 = Release|Any CPU
		{F7F91719-0BCA-4B42-8252-C395628171D7}.Debug|Any CPU.ActiveCfg = Debug|Any CPU
		{F7F91719-0BCA-4B42-8252-C395628171D7}.Debug|Any CPU.Build.0 = Debug|Any CPU
		{F7F91719-0BCA-4B42-8252-C395628171D7}.Release|Any CPU.ActiveCfg = Release|Any CPU
		{F7F91719-0BCA-4B42-8252-C395628171D7}.Release|Any CPU.Build.0 = Release|Any CPU
		{BF38C65A-3993-482C-9649-4D4BA9D5E88E}.Debug|Any CPU.ActiveCfg = Debug|Any CPU
		{BF38C65A-3993-482C-9649-4D4BA9D5E88E}.Debug|Any CPU.Build.0 = Debug|Any CPU
		{BF38C65A-3993-482C-9649-4D4BA9D5E88E}.Release|Any CPU.ActiveCfg = Release|Any CPU
		{BF38C65A-3993-482C-9649-4D4BA9D5E88E}.Release|Any CPU.Build.0 = Release|Any CPU
	EndGlobalSection
	GlobalSection(SolutionProperties) = preSolution
		HideSolutionNode = FALSE
	EndGlobalSection
	GlobalSection(ExtensibilityGlobals) = postSolution
		SolutionGuid = {69C7412A-2506-4CA4-83E7-CB6472EA2800}
	EndGlobalSection
EndGlobal
